
Microsoft Visual Studio Solution File, Format Version 12.00
# Visual Studio Version 16
VisualStudioVersion = 16.0.28803.156
MinimumVisualStudioVersion = 10.0.40219.1
Project("{FAE04EC0-301F-11D3-BF4B-00C04F79EFBC}") = "MailSender", "MailSender\MailSender.csproj", "{6B61315B-2F9E-4D4C-9CE6-1AE41E628B53}"
EndProject
Global
	GlobalSection(SolutionConfigurationPlatforms) = preSolution
		Debug|Any CPU = Debug|Any CPU
		Release|Any CPU = Release|Any CPU
	EndGlobalSection
	GlobalSection(ProjectConfigurationPlatforms) = postSolution
		{6B61315B-2F9E-4D4C-9CE6-1AE41E628B53}.Debug|Any CPU.ActiveCfg = Debug|Any CPU
		{6B61315B-2F9E-4D4C-9CE6-1AE41E628B53}.Debug|Any CPU.Build.0 = Debug|Any CPU
		{6B61315B-2F9E-4D4C-9CE6-1AE41E628B53}.Release|Any CPU.ActiveCfg = Release|Any CPU
		{6B61315B-2F9E-4D4C-9CE6-1AE41E628B53}.Release|Any CPU.Build.0 = Release|Any CPU
	EndGlobalSection
	GlobalSection(SolutionProperties) = preSolution
		HideSolutionNode = FALSE
	EndGlobalSection
	GlobalSection(ExtensibilityGlobals) = postSolution
		SolutionGuid = {8290FD92-F4A1-4CA1-A3A1-7B6977DF1500}
	EndGlobalSection
EndGlobal
